
Microsoft Visual Studio Solution File, Format Version 12.00
# Visual Studio 15
VisualStudioVersion = 15.0.27428.2037
MinimumVisualStudioVersion = 10.0.40219.1
Project("{8BC9CEB8-8B4A-11D0-8D11-00A0C91BC942}") = "Lab 6 files", "Lab 6 files\Lab 6 files.vcxproj", "{588A0148-7AA7-4AA0-A99E-C4EE59D9EF96}"
EndProject
Global
	GlobalSection(SolutionConfigurationPlatforms) = preSolution
		Debug|x64 = Debug|x64
		Debug|x86 = Debug|x86
		Release|x64 = Release|x64
		Release|x86 = Release|x86
	EndGlobalSection
	GlobalSection(ProjectConfigurationPlatforms) = postSolution
		{588A0148-7AA7-4AA0-A99E-C4EE59D9EF96}.Debug|x64.ActiveCfg = Debug|x64
		{588A0148-7AA7-4AA0-A99E-C4EE59D9EF96}.Debug|x64.Build.0 = Debug|x64
		{588A0148-7AA7-4AA0-A99E-C4EE59D9EF96}.Debug|x86.ActiveCfg = Debug|Win32
		{588A0148-7AA7-4AA0-A99E-C4EE59D9EF96}.Debug|x86.Build.0 = Debug|Win32
		{588A0148-7AA7-4AA0-A99E-C4EE59D9EF96}.Release|x64.ActiveCfg = Release|x64
		{588A0148-7AA7-4AA0-A99E-C4EE59D9EF96}.Release|x64.Build.0 = Release|x64
		{588A0148-7AA7-4AA0-A99E-C4EE59D9EF96}.Release|x86.ActiveCfg = Release|Win32
		{588A0148-7AA7-4AA0-A99E-C4EE59D9EF96}.Release|x86.Build.0 = Release|Win32
	EndGlobalSection
	GlobalSection(SolutionProperties) = preSolution
		HideSolutionNode = FALSE
	EndGlobalSection
	GlobalSection(ExtensibilityGlobals) = postSolution
		SolutionGuid = {D72A4859-3B5D-47C0-B61A-A684B8902A7E}
	EndGlobalSection
EndGlobal
